// !$*UTF8*$!
{
	archiveVersion = 1;
	classes = {
	};
	objectVersion = 50;
	objects = {

/* Begin PBXBuildFile section */
		9EB53E7B24366C2D00417C23 /* AppDelegate.swift in Sources */ = {isa = PBXBuildFile; fileRef = 9EB53E7A24366C2D00417C23 /* AppDelegate.swift */; };
		9EB53E7D24366C2D00417C23 /* SceneDelegate.swift in Sources */ = {isa = PBXBuildFile; fileRef = 9EB53E7C24366C2D00417C23 /* SceneDelegate.swift */; };
		9EB53E7F24366C2D00417C23 /* ContentView.swift in Sources */ = {isa = PBXBuildFile; fileRef = 9EB53E7E24366C2D00417C23 /* ContentView.swift */; };
		9EB53E8124366C3000417C23 /* Assets.xcassets in Resources */ = {isa = PBXBuildFile; fileRef = 9EB53E8024366C3000417C23 /* Assets.xcassets */; };
		9EB53E8424366C3000417C23 /* Preview Assets.xcassets in Resources */ = {isa = PBXBuildFile; fileRef = 9EB53E8324366C3000417C23 /* Preview Assets.xcassets */; };
		9EB53E8724366C3000417C23 /* LaunchScreen.storyboard in Resources */ = {isa = PBXBuildFile; fileRef = 9EB53E8524366C3000417C23 /* LaunchScreen.storyboard */; };
		9EB53E9024366E6100417C23 /* NetworkManager.swift in Sources */ = {isa = PBXBuildFile; fileRef = 9EB53E8F24366E6100417C23 /* NetworkManager.swift */; };
		9EB53E9424366FDF00417C23 /* PostData.swift in Sources */ = {isa = PBXBuildFile; fileRef = 9EB53E9324366FDF00417C23 /* PostData.swift */; };
		9EB53E972436767D00417C23 /* DetailView.swift in Sources */ = {isa = PBXBuildFile; fileRef = 9EB53E962436767D00417C23 /* DetailView.swift */; };
		9EB53E9924367BDB00417C23 /* WebView.swift in Sources */ = {isa = PBXBuildFile; fileRef = 9EB53E9824367BDB00417C23 /* WebView.swift */; };
/* End PBXBuildFile section */

/* Begin PBXFileReference section */
		9EB53E7724366C2D00417C23 /* H4XOR News.app */ = {isa = PBXFileReference; explicitFileType = wrapper.application; includeInIndex = 0; path = "H4XOR News.app"; sourceTree = BUILT_PRODUCTS_DIR; };
		9EB53E7A24366C2D00417C23 /* AppDelegate.swift */ = {isa = PBXFileReference; lastKnownFileType = sourcecode.swift; path = AppDelegate.swift; sourceTree = "<group>"; };
		9EB53E7C24366C2D00417C23 /* SceneDelegate.swift */ = {isa = PBXFileReference; lastKnownFileType = sourcecode.swift; path = SceneDelegate.swift; sourceTree = "<group>"; };
		9EB53E7E24366C2D00417C23 /* ContentView.swift */ = {isa = PBXFileReference; lastKnownFileType = sourcecode.swift; path = ContentView.swift; sourceTree = "<group>"; };
		9EB53E8024366C3000417C23 /* Assets.xcassets */ = {isa = PBXFileReference; lastKnownFileType = folder.assetcatalog; path = Assets.xcassets; sourceTree = "<group>"; };
		9EB53E8324366C3000417C23 /* Preview Assets.xcassets */ = {isa = PBXFileReference; lastKnownFileType = folder.assetcatalog; path = "Preview Assets.xcassets"; sourceTree = "<group>"; };
		9EB53E8624366C3000417C23 /* Base */ = {isa = PBXFileReference; lastKnownFileType = file.storyboard; name = Base; path = Base.lproj/LaunchScreen.storyboard; sourceTree = "<group>"; };
		9EB53E8824366C3000417C23 /* Info.plist */ = {isa = PBXFileReference; lastKnownFileType = text.plist.xml; path = Info.plist; sourceTree = "<group>"; };
		9EB53E8F24366E6100417C23 /* NetworkManager.swift */ = {isa = PBXFileReference; lastKnownFileType = sourcecode.swift; path = NetworkManager.swift; sourceTree = "<group>"; };
		9EB53E9324366FDF00417C23 /* PostData.swift */ = {isa = PBXFileReference; lastKnownFileType = sourcecode.swift; path = PostData.swift; sourceTree = "<group>"; };
		9EB53E962436767D00417C23 /* DetailView.swift */ = {isa = PBXFileReference; lastKnownFileType = sourcecode.swift; path = DetailView.swift; sourceTree = "<group>"; };
		9EB53E9824367BDB00417C23 /* WebView.swift */ = {isa = PBXFileReference; lastKnownFileType = sourcecode.swift; path = WebView.swift; sourceTree = "<group>"; };
		9EB53E9A24367DAF00417C23 /* H4XOR News.entitlements */ = {isa = PBXFileReference; lastKnownFileType = text.plist.entitlements; path = "H4XOR News.entitlements"; sourceTree = "<group>"; };
/* End PBXFileReference section */

/* Begin PBXFrameworksBuildPhase section */
		9EB53E7424366C2D00417C23 /* Frameworks */ = {
			isa = PBXFrameworksBuildPhase;
			buildActionMask = 2147483647;
			files = (
			);
			runOnlyForDeploymentPostprocessing = 0;
		};
/* End PBXFrameworksBuildPhase section */

/* Begin PBXGroup section */
		9EB53E6E24366C2D00417C23 = {
			isa = PBXGroup;
			children = (
				9EB53E7924366C2D00417C23 /* H4XOR News */,
				9EB53E7824366C2D00417C23 /* Products */,
			);
			sourceTree = "<group>";
		};
		9EB53E7824366C2D00417C23 /* Products */ = {
			isa = PBXGroup;
			children = (
				9EB53E7724366C2D00417C23 /* H4XOR News.app */,
			);
			name = Products;
			sourceTree = "<group>";
		};
		9EB53E7924366C2D00417C23 /* H4XOR News */ = {
			isa = PBXGroup;
			children = (
				9EB53E9A24367DAF00417C23 /* H4XOR News.entitlements */,
				9EB53E7A24366C2D00417C23 /* AppDelegate.swift */,
				9EB53E7C24366C2D00417C23 /* SceneDelegate.swift */,
				9EB53E8E24366E2000417C23 /* Models */,
				9EB53E952436764F00417C23 /* Views */,
				9EB53E8024366C3000417C23 /* Assets.xcassets */,
				9EB53E8524366C3000417C23 /* LaunchScreen.storyboard */,
				9EB53E8824366C3000417C23 /* Info.plist */,
				9EB53E8224366C3000417C23 /* Preview Content */,
			);
			path = "H4XOR News";
			sourceTree = "<group>";
		};
		9EB53E8224366C3000417C23 /* Preview Content */ = {
			isa = PBXGroup;
			children = (
				9EB53E8324366C3000417C23 /* Preview Assets.xcassets */,
			);
			path = "Preview Content";
			sourceTree = "<group>";
		};
		9EB53E8E24366E2000417C23 /* Models */ = {
			isa = PBXGroup;
			children = (
				9EB53E8F24366E6100417C23 /* NetworkManager.swift */,
				9EB53E9324366FDF00417C23 /* PostData.swift */,
			);
			path = Models;
			sourceTree = "<group>";
		};
		9EB53E952436764F00417C23 /* Views */ = {
			isa = PBXGroup;
			children = (
				9EB53E7E24366C2D00417C23 /* ContentView.swift */,
				9EB53E962436767D00417C23 /* DetailView.swift */,
				9EB53E9824367BDB00417C23 /* WebView.swift */,
			);
			path = Views;
			sourceTree = "<group>";
		};
/* End PBXGroup section */

/* Begin PBXNativeTarget section */
		9EB53E7624366C2D00417C23 /* H4XOR News */ = {
			isa = PBXNativeTarget;
			buildConfigurationList = 9EB53E8B24366C3000417C23 /* Build configuration list for PBXNativeTarget "H4XOR News" */;
			buildPhases = (
				9EB53E7324366C2D00417C23 /* Sources */,
				9EB53E7424366C2D00417C23 /* Frameworks */,
				9EB53E7524366C2D00417C23 /* Resources */,
			);
			buildRules = (
			);
			dependencies = (
			);
			name = "H4XOR News";
			productName = "H4XOR News";
			productReference = 9EB53E7724366C2D00417C23 /* H4XOR News.app */;
			productType = "com.apple.product-type.application";
		};
/* End PBXNativeTarget section */

/* Begin PBXProject section */
		9EB53E6F24366C2D00417C23 /* Project object */ = {
			isa = PBXProject;
			attributes = {
				LastSwiftUpdateCheck = 1130;
				LastUpgradeCheck = 1130;
				ORGANIZATIONNAME = "Vladyslav Lietun";
				TargetAttributes = {
					9EB53E7624366C2D00417C23 = {
						CreatedOnToolsVersion = 11.3.1;
					};
				};
			};
			buildConfigurationList = 9EB53E7224366C2D00417C23 /* Build configuration list for PBXProject "H4XOR News" */;
			compatibilityVersion = "Xcode 9.3";
			developmentRegion = en;
			hasScannedForEncodings = 0;
			knownRegions = (
				en,
				Base,
			);
			mainGroup = 9EB53E6E24366C2D00417C23;
			productRefGroup = 9EB53E7824366C2D00417C23 /* Products */;
			projectDirPath = "";
			projectRoot = "";
			targets = (
				9EB53E7624366C2D00417C23 /* H4XOR News */,
			);
		};
/* End PBXProject section */

/* Begin PBXResourcesBuildPhase section */
		9EB53E7524366C2D00417C23 /* Resources */ = {
			isa = PBXResourcesBuildPhase;
			buildActionMask = 2147483647;
			files = (
				9EB53E8724366C3000417C23 /* LaunchScreen.storyboard in Resources */,
				9EB53E8424366C3000417C23 /* Preview Assets.xcassets in Resources */,
				9EB53E8124366C3000417C23 /* Assets.xcassets in Resources */,
			);
			runOnlyForDeploymentPostprocessing = 0;
		};
/* End PBXResourcesBuildPhase section */

/* Begin PBXSourcesBuildPhase section */
		9EB53E7324366C2D00417C23 /* Sources */ = {
			isa = PBXSourcesBuildPhase;
			buildActionMask = 2147483647;
			files = (
				9EB53E9424366FDF00417C23 /* PostData.swift in Sources */,
				9EB53E972436767D00417C23 /* DetailView.swift in Sources */,
				9EB53E9024366E6100417C23 /* NetworkManager.swift in Sources */,
				9EB53E7B24366C2D00417C23 /* AppDelegate.swift in Sources */,
				9EB53E7D24366C2D00417C23 /* SceneDelegate.swift in Sources */,
				9EB53E7F24366C2D00417C23 /* ContentView.swift in Sources */,
				9EB53E9924367BDB00417C23 /* WebView.swift in Sources */,
			);
			runOnlyForDeploymentPostprocessing = 0;
		};
/* End PBXSourcesBuildPhase section */

/* Begin PBXVariantGroup section */
		9EB53E8524366C3000417C23 /* LaunchScreen.storyboard */ = {
			isa = PBXVariantGroup;
			children = (
				9EB53E8624366C3000417C23 /* Base */,
			);
			name = LaunchScreen.storyboard;
			sourceTree = "<group>";
		};
/* End PBXVariantGroup section */

/* Begin XCBuildConfiguration section */
		9EB53E8924366C3000417C23 /* Debug */ = {
			isa = XCBuildConfiguration;
			buildSettings = {
				ALWAYS_SEARCH_USER_PATHS = NO;
				CLANG_ANALYZER_NONNULL = YES;
				CLANG_ANALYZER_NUMBER_OBJECT_CONVERSION = YES_AGGRESSIVE;
				CLANG_CXX_LANGUAGE_STANDARD = "gnu++14";
				CLANG_CXX_LIBRARY = "libc++";
				CLANG_ENABLE_MODULES = YES;
				CLANG_ENABLE_OBJC_ARC = YES;
				CLANG_ENABLE_OBJC_WEAK = YES;
				CLANG_WARN_BLOCK_CAPTURE_AUTORELEASING = YES;
				CLANG_WARN_BOOL_CONVERSION = YES;
				CLANG_WARN_COMMA = YES;
				CLANG_WARN_CONSTANT_CONVERSION = YES;
				CLANG_WARN_DEPRECATED_OBJC_IMPLEMENTATIONS = YES;
				CLANG_WARN_DIRECT_OBJC_ISA_USAGE = YES_ERROR;
				CLANG_WARN_DOCUMENTATION_COMMENTS = YES;
				CLANG_WARN_EMPTY_BODY = YES;
				CLANG_WARN_ENUM_CONVERSION = YES;
				CLANG_WARN_INFINITE_RECURSION = YES;
				CLANG_WARN_INT_CONVERSION = YES;
				CLANG_WARN_NON_LITERAL_NULL_CONVERSION = YES;
				CLANG_WARN_OBJC_IMPLICIT_RETAIN_SELF = YES;
				CLANG_WARN_OBJC_LITERAL_CONVERSION = YES;
				CLANG_WARN_OBJC_ROOT_CLASS = YES_ERROR;
				CLANG_WARN_RANGE_LOOP_ANALYSIS = YES;
				CLANG_WARN_STRICT_PROTOTYPES = YES;
				CLANG_WARN_SUSPICIOUS_MOVE = YES;
				CLANG_WARN_UNGUARDED_AVAILABILITY = YES_AGGRESSIVE;
				CLANG_WARN_UNREACHABLE_CODE = YES;
				CLANG_WARN__DUPLICATE_METHOD_MATCH = YES;
				COPY_PHASE_STRIP = NO;
				DEBUG_INFORMATION_FORMAT = dwarf;
				ENABLE_STRICT_OBJC_MSGSEND = YES;
				ENABLE_TESTABILITY = YES;
				GCC_C_LANGUAGE_STANDARD = gnu11;
				GCC_DYNAMIC_NO_PIC = NO;
				GCC_NO_COMMON_BLOCKS = YES;
				GCC_OPTIMIZATION_LEVEL = 0;
				GCC_PREPROCESSOR_DEFINITIONS = (
					"DEBUG=1",
					"$(inherited)",
				);
				GCC_WARN_64_TO_32_BIT_CONVERSION = YES;
				GCC_WARN_ABOUT_RETURN_TYPE = YES_ERROR;
				GCC_WARN_UNDECLARED_SELECTOR = YES;
				GCC_WARN_UNINITIALIZED_AUTOS = YES_AGGRESSIVE;
				GCC_WARN_UNUSED_FUNCTION = YES;
				GCC_WARN_UNUSED_VARIABLE = YES;
				IPHONEOS_DEPLOYMENT_TARGET = 13.2;
				MTL_ENABLE_DEBUG_INFO = INCLUDE_SOURCE;
				MTL_FAST_MATH = YES;
				ONLY_ACTIVE_ARCH = YES;
				SDKROOT = iphoneos;
				SWIFT_ACTIVE_COMPILATION_CONDITIONS = DEBUG;
				SWIFT_OPTIMIZATION_LEVEL = "-Onone";
			};
			name = Debug;
		};
		9EB53E8A24366C3000417C23 /* Release */ = {
			isa = XCBuildConfiguration;
			buildSettings = {
				ALWAYS_SEARCH_USER_PATHS = NO;
				CLANG_ANALYZER_NONNULL = YES;
				CLANG_ANALYZER_NUMBER_OBJECT_CONVERSION = YES_AGGRESSIVE;
				CLANG_CXX_LANGUAGE_STANDARD = "gnu++14";
				CLANG_CXX_LIBRARY = "libc++";
				CLANG_ENABLE_MODULES = YES;
				CLANG_ENABLE_OBJC_ARC = YES;
				CLANG_ENABLE_OBJC_WEAK = YES;
				CLANG_WARN_BLOCK_CAPTURE_AUTORELEASING = YES;
				CLANG_WARN_BOOL_CONVERSION = YES;
				CLANG_WARN_COMMA = YES;
				CLANG_WARN_CONSTANT_CONVERSION = YES;
				CLANG_WARN_DEPRECATED_OBJC_IMPLEMENTATIONS = YES;
				CLANG_WARN_DIRECT_OBJC_ISA_USAGE = YES_ERROR;
				CLANG_WARN_DOCUMENTATION_COMMENTS = YES;
				CLANG_WARN_EMPTY_BODY = YES;
				CLANG_WARN_ENUM_CONVERSION = YES;
				CLANG_WARN_INFINITE_RECURSION = YES;
				CLANG_WARN_INT_CONVERSION = YES;
				CLANG_WARN_NON_LITERAL_NULL_CONVERSION = YES;
				CLANG_WARN_OBJC_IMPLICIT_RETAIN_SELF = YES;
				CLANG_WARN_OBJC_LITERAL_CONVERSION = YES;
				CLANG_WARN_OBJC_ROOT_CLASS = YES_ERROR;
				CLANG_WARN_RANGE_LOOP_ANALYSIS = YES;
				CLANG_WARN_STRICT_PROTOTYPES = YES;
				CLANG_WARN_SUSPICIOUS_MOVE = YES;
				CLANG_WARN_UNGUARDED_AVAILABILITY = YES_AGGRESSIVE;
				CLANG_WARN_UNREACHABLE_CODE = YES;
				CLANG_WARN__DUPLICATE_METHOD_MATCH = YES;
				COPY_PHASE_STRIP = NO;
				DEBUG_INFORMATION_FORMAT = "dwarf-with-dsym";
				ENABLE_NS_ASSERTIONS = NO;
				ENABLE_STRICT_OBJC_MSGSEND = YES;
				GCC_C_LANGUAGE_STANDARD = gnu11;
				GCC_NO_COMMON_BLOCKS = YES;
				GCC_WARN_64_TO_32_BIT_CONVERSION = YES;
				GCC_WARN_ABOUT_RETURN_TYPE = YES_ERROR;
				GCC_WARN_UNDECLARED_SELECTOR = YES;
				GCC_WARN_UNINITIALIZED_AUTOS = YES_AGGRESSIVE;
				GCC_WARN_UNUSED_FUNCTION = YES;
				GCC_WARN_UNUSED_VARIABLE = YES;
				IPHONEOS_DEPLOYMENT_TARGET = 13.2;
				MTL_ENABLE_DEBUG_INFO = NO;
				MTL_FAST_MATH = YES;
				SDKROOT = iphoneos;
				SWIFT_COMPILATION_MODE = wholemodule;
				SWIFT_OPTIMIZATION_LEVEL = "-O";
				VALIDATE_PRODUCT = YES;
			};
			name = Release;
		};
		9EB53E8C24366C3000417C23 /* Debug */ = {
			isa = XCBuildConfiguration;
			buildSettings = {
				ASSETCATALOG_COMPILER_APPICON_NAME = AppIcon;
				CODE_SIGN_ENTITLEMENTS = "H4XOR News/H4XOR News.entitlements";
				CODE_SIGN_STYLE = Automatic;
				DERIVE_MACCATALYST_PRODUCT_BUNDLE_IDENTIFIER = YES;
				DEVELOPMENT_ASSET_PATHS = "\"H4XOR News/Preview Content\"";
				DEVELOPMENT_TEAM = YAN4DT9JX2;
				ENABLE_PREVIEWS = YES;
				INFOPLIST_FILE = "H4XOR News/Info.plist";
				LD_RUNPATH_SEARCH_PATHS = (
					"$(inherited)",
					"@executable_path/Frameworks",
				);
				PRODUCT_BUNDLE_IDENTIFIER = "Lietun.H4XOR-News";
				PRODUCT_NAME = "$(TARGET_NAME)";
				SUPPORTS_MACCATALYST = YES;
				SWIFT_VERSION = 5.0;
				TARGETED_DEVICE_FAMILY = "1,2";
			};
			name = Debug;
		};
		9EB53E8D24366C3000417C23 /* Release */ = {
			isa = XCBuildConfiguration;
			buildSettings = {
				ASSETCATALOG_COMPILER_APPICON_NAME = AppIcon;
				CODE_SIGN_ENTITLEMENTS = "H4XOR News/H4XOR News.entitlements";
				CODE_SIGN_STYLE = Automatic;
				DERIVE_MACCATALYST_PRODUCT_BUNDLE_IDENTIFIER = YES;
				DEVELOPMENT_ASSET_PATHS = "\"H4XOR News/Preview Content\"";
				DEVELOPMENT_TEAM = YAN4DT9JX2;
				ENABLE_PREVIEWS = YES;
				INFOPLIST_FILE = "H4XOR News/Info.plist";
				LD_RUNPATH_SEARCH_PATHS = (
					"$(inherited)",
					"@executable_path/Frameworks",
				);
				PRODUCT_BUNDLE_IDENTIFIER = "Lietun.H4XOR-News";
				PRODUCT_NAME = "$(TARGET_NAME)";
				SUPPORTS_MACCATALYST = YES;
				SWIFT_VERSION = 5.0;
				TARGETED_DEVICE_FAMILY = "1,2";
			};
			name = Release;
		};
/* End XCBuildConfiguration section */

/* Begin XCConfigurationList section */
		9EB53E7224366C2D00417C23 /* Build configuration list for PBXProject "H4XOR News" */ = {
			isa = XCConfigurationList;
			buildConfigurations = (
				9EB53E8924366C3000417C23 /* Debug */,
				9EB53E8A24366C3000417C23 /* Release */,
			);
			defaultConfigurationIsVisible = 0;
			defaultConfigurationName = Release;
		};
		9EB53E8B24366C3000417C23 /* Build configuration list for PBXNativeTarget "H4XOR News" */ = {
			isa = XCConfigurationList;
			buildConfigurations = (
				9EB53E8C24366C3000417C23 /* Debug */,
				9EB53E8D24366C3000417C23 /* Release */,
			);
			defaultConfigurationIsVisible = 0;
			defaultConfigurationName = Release;
		};
/* End XCConfigurationList section */
	};
	rootObject = 9EB53E6F24366C2D00417C23 /* Project object */;
}
